
Microsoft Visual Studio Solution File, Format Version 12.00
# Visual Studio 15
VisualStudioVersion = 15.0.28010.2036
MinimumVisualStudioVersion = 10.0.40219.1
Project("{FAE04EC0-301F-11D3-BF4B-00C04F79EFBC}") = "CollisionDetection", "CollisionDetection\CollisionDetection.csproj", "{F24FD8EA-5FD7-4976-8268-F0E511E787D6}"
EndProject
Global
	GlobalSection(SolutionConfigurationPlatforms) = preSolution
		Debug|Any CPU = Debug|Any CPU
		Release|Any CPU = Release|Any CPU
	EndGlobalSection
	GlobalSection(ProjectConfigurationPlatforms) = postSolution
		{F24FD8EA-5FD7-4976-8268-F0E511E787D6}.Debug|Any CPU.ActiveCfg = Debug|Any CPU
		{F24FD8EA-5FD7-4976-8268-F0E511E787D6}.Debug|Any CPU.Build.0 = Debug|Any CPU
		{F24FD8EA-5FD7-4976-8268-F0E511E787D6}.Release|Any CPU.ActiveCfg = Release|Any CPU
		{F24FD8EA-5FD7-4976-8268-F0E511E787D6}.Release|Any CPU.Build.0 = Release|Any CPU
	EndGlobalSection
	GlobalSection(SolutionProperties) = preSolution
		HideSolutionNode = FALSE
	EndGlobalSection
	GlobalSection(ExtensibilityGlobals) = postSolution
		SolutionGuid = {28A56E2D-70D4-4302-A114-AA9434E9008D}
	EndGlobalSection
EndGlobal
