
Microsoft Visual Studio Solution File, Format Version 12.00
# Visual Studio 15
VisualStudioVersion = 15.0.28010.2041
MinimumVisualStudioVersion = 10.0.40219.1
Project("{FAE04EC0-301F-11D3-BF4B-00C04F79EFBC}") = "Train_UI", "Train_UI\Train_UI.csproj", "{0EA5B527-E889-42F2-86CC-48753174C217}"
EndProject
Global
	GlobalSection(SolutionConfigurationPlatforms) = preSolution
		Debug|Any CPU = Debug|Any CPU
		Release|Any CPU = Release|Any CPU
	EndGlobalSection
	GlobalSection(ProjectConfigurationPlatforms) = postSolution
		{0EA5B527-E889-42F2-86CC-48753174C217}.Debug|Any CPU.ActiveCfg = Debug|Any CPU
		{0EA5B527-E889-42F2-86CC-48753174C217}.Debug|Any CPU.Build.0 = Debug|Any CPU
		{0EA5B527-E889-42F2-86CC-48753174C217}.Release|Any CPU.ActiveCfg = Release|Any CPU
		{0EA5B527-E889-42F2-86CC-48753174C217}.Release|Any CPU.Build.0 = Release|Any CPU
	EndGlobalSection
	GlobalSection(SolutionProperties) = preSolution
		HideSolutionNode = FALSE
	EndGlobalSection
	GlobalSection(ExtensibilityGlobals) = postSolution
		SolutionGuid = {074D1CB8-9D7E-4426-A481-9885B0F1B8BF}
	EndGlobalSection
EndGlobal
