
Microsoft Visual Studio Solution File, Format Version 12.00
# Visual Studio 15
VisualStudioVersion = 15.0.28010.2036
MinimumVisualStudioVersion = 10.0.40219.1
Project("{FAE04EC0-301F-11D3-BF4B-00C04F79EFBC}") = "Final Project", "Final Project\Final Project.csproj", "{5D8C160A-E57A-43AF-85D7-FF4644174268}"
EndProject
Project("{2150E333-8FDC-42A3-9474-1A3956D46DE8}") = "Solution Items", "Solution Items", "{FABDB295-2F4A-4728-A0FD-A596580E3454}"
EndProject
Global
	GlobalSection(SolutionConfigurationPlatforms) = preSolution
		Debug|Any CPU = Debug|Any CPU
		Release|Any CPU = Release|Any CPU
	EndGlobalSection
	GlobalSection(ProjectConfigurationPlatforms) = postSolution
		{5D8C160A-E57A-43AF-85D7-FF4644174268}.Debug|Any CPU.ActiveCfg = Debug|Any CPU
		{5D8C160A-E57A-43AF-85D7-FF4644174268}.Debug|Any CPU.Build.0 = Debug|Any CPU
		{5D8C160A-E57A-43AF-85D7-FF4644174268}.Release|Any CPU.ActiveCfg = Release|Any CPU
		{5D8C160A-E57A-43AF-85D7-FF4644174268}.Release|Any CPU.Build.0 = Release|Any CPU
	EndGlobalSection
	GlobalSection(SolutionProperties) = preSolution
		HideSolutionNode = FALSE
	EndGlobalSection
	GlobalSection(ExtensibilityGlobals) = postSolution
		SolutionGuid = {5DCCF842-57B0-40EB-8A87-DD864F2C4B97}
	EndGlobalSection
EndGlobal
